
Microsoft Visual Studio Solution File, Format Version 12.00
# Visual Studio Version 17
VisualStudioVersion = 17.0.31903.59
MinimumVisualStudioVersion = 10.0.40219.1
Project("{2150E333-8FDC-42A3-9474-1A3956D46DE8}") = "src", "src", "{CAD5DC60-D40F-45E7-A6D1-DDA28000E083}"
EndProject
Project("{FAE04EC0-301F-11D3-BF4B-00C04F79EFBC}") = "MySpot.Api", "src\MySpot.Api\MySpot.Api.csproj", "{A5BE6AFA-81A8-47F4-AC0F-6570BC7B461E}"
EndProject
Global
	GlobalSection(SolutionConfigurationPlatforms) = preSolution
		Debug|Any CPU = Debug|Any CPU
		Release|Any CPU = Release|Any CPU
	EndGlobalSection
	GlobalSection(SolutionProperties) = preSolution
		HideSolutionNode = FALSE
	EndGlobalSection
	GlobalSection(ProjectConfigurationPlatforms) = postSolution
		{A5BE6AFA-81A8-47F4-AC0F-6570BC7B461E}.Debug|Any CPU.ActiveCfg = Debug|Any CPU
		{A5BE6AFA-81A8-47F4-AC0F-6570BC7B461E}.Debug|Any CPU.Build.0 = Debug|Any CPU
		{A5BE6AFA-81A8-47F4-AC0F-6570BC7B461E}.Release|Any CPU.ActiveCfg = Release|Any CPU
		{A5BE6AFA-81A8-47F4-AC0F-6570BC7B461E}.Release|Any CPU.Build.0 = Release|Any CPU
	EndGlobalSection
	GlobalSection(NestedProjects) = preSolution
		{A5BE6AFA-81A8-47F4-AC0F-6570BC7B461E} = {CAD5DC60-D40F-45E7-A6D1-DDA28000E083}
	EndGlobalSection
EndGlobal
